
Microsoft Visual Studio Solution File, Format Version 12.00
# Visual Studio Version 16
VisualStudioVersion = 16.0.31624.102
MinimumVisualStudioVersion = 10.0.40219.1
Project("{2150E333-8FDC-42A3-9474-1A3956D46DE8}") = "src", "src", "{1D9683E8-C2B6-4E79-A0C9-B55A0BBFE89C}"
EndProject
Project("{2150E333-8FDC-42A3-9474-1A3956D46DE8}") = "API", "API", "{1FECDB8E-D72F-4735-9056-BC4E3B5CA384}"
EndProject
Project("{2150E333-8FDC-42A3-9474-1A3956D46DE8}") = "Client", "Client", "{DA4AD004-9FCE-444F-8710-440824F26D54}"
EndProject
Project("{2150E333-8FDC-42A3-9474-1A3956D46DE8}") = "ApiGateway", "ApiGateway", "{7A2B46A4-0F37-4FFE-8687-C090E3E508AC}"
EndProject
Project("{2150E333-8FDC-42A3-9474-1A3956D46DE8}") = "IdentityServer", "IdentityServer", "{67F3D040-D167-4398-ACA6-11A6D1309723}"
EndProject
Project("{FAE04EC0-301F-11D3-BF4B-00C04F79EFBC}") = "MovieAPI", "src\API\MovieAPI\MovieAPI.csproj", "{718CA179-7D50-4483-A73C-DABCF48D1BD7}"
EndProject
Project("{2150E333-8FDC-42A3-9474-1A3956D46DE8}") = "Core", "Core", "{5710F2C3-741C-4657-9350-24C824EBE7CA}"
EndProject
Project("{2150E333-8FDC-42A3-9474-1A3956D46DE8}") = "Infrastructure", "Infrastructure", "{958B0841-E656-4038-AD8C-AE5F04B27D14}"
EndProject
Project("{FAE04EC0-301F-11D3-BF4B-00C04F79EFBC}") = "API.Domain", "src\API\API.Domain\API.Domain.csproj", "{C4A8DE54-56C6-46B1-8240-5B6F66F6A61D}"
EndProject
Project("{FAE04EC0-301F-11D3-BF4B-00C04F79EFBC}") = "API.Application", "src\API\API.Application\API.Application.csproj", "{7C1C1C51-435E-4338-8151-2FE3A0D1E0F0}"
EndProject
Project("{FAE04EC0-301F-11D3-BF4B-00C04F79EFBC}") = "API.Infrastructure", "src\API\API.Infrastructure\API.Infrastructure.csproj", "{B68DEB3A-27FD-4EBB-A4E8-D27F705A75DE}"
EndProject
Project("{FAE04EC0-301F-11D3-BF4B-00C04F79EFBC}") = "API.Persistence", "src\API\API.Persistence\API.Persistence.csproj", "{ACBA019A-F578-4E38-872A-51D0C9254B1C}"
EndProject
Global
	GlobalSection(SolutionConfigurationPlatforms) = preSolution
		Debug|Any CPU = Debug|Any CPU
		Release|Any CPU = Release|Any CPU
	EndGlobalSection
	GlobalSection(ProjectConfigurationPlatforms) = postSolution
		{718CA179-7D50-4483-A73C-DABCF48D1BD7}.Debug|Any CPU.ActiveCfg = Debug|Any CPU
		{718CA179-7D50-4483-A73C-DABCF48D1BD7}.Debug|Any CPU.Build.0 = Debug|Any CPU
		{718CA179-7D50-4483-A73C-DABCF48D1BD7}.Release|Any CPU.ActiveCfg = Release|Any CPU
		{718CA179-7D50-4483-A73C-DABCF48D1BD7}.Release|Any CPU.Build.0 = Release|Any CPU
		{C4A8DE54-56C6-46B1-8240-5B6F66F6A61D}.Debug|Any CPU.ActiveCfg = Debug|Any CPU
		{C4A8DE54-56C6-46B1-8240-5B6F66F6A61D}.Debug|Any CPU.Build.0 = Debug|Any CPU
		{C4A8DE54-56C6-46B1-8240-5B6F66F6A61D}.Release|Any CPU.ActiveCfg = Release|Any CPU
		{C4A8DE54-56C6-46B1-8240-5B6F66F6A61D}.Release|Any CPU.Build.0 = Release|Any CPU
		{7C1C1C51-435E-4338-8151-2FE3A0D1E0F0}.Debug|Any CPU.ActiveCfg = Debug|Any CPU
		{7C1C1C51-435E-4338-8151-2FE3A0D1E0F0}.Debug|Any CPU.Build.0 = Debug|Any CPU
		{7C1C1C51-435E-4338-8151-2FE3A0D1E0F0}.Release|Any CPU.ActiveCfg = Release|Any CPU
		{7C1C1C51-435E-4338-8151-2FE3A0D1E0F0}.Release|Any CPU.Build.0 = Release|Any CPU
		{B68DEB3A-27FD-4EBB-A4E8-D27F705A75DE}.Debug|Any CPU.ActiveCfg = Debug|Any CPU
		{B68DEB3A-27FD-4EBB-A4E8-D27F705A75DE}.Debug|Any CPU.Build.0 = Debug|Any CPU
		{B68DEB3A-27FD-4EBB-A4E8-D27F705A75DE}.Release|Any CPU.ActiveCfg = Release|Any CPU
		{B68DEB3A-27FD-4EBB-A4E8-D27F705A75DE}.Release|Any CPU.Build.0 = Release|Any CPU
		{ACBA019A-F578-4E38-872A-51D0C9254B1C}.Debug|Any CPU.ActiveCfg = Debug|Any CPU
		{ACBA019A-F578-4E38-872A-51D0C9254B1C}.Debug|Any CPU.Build.0 = Debug|Any CPU
		{ACBA019A-F578-4E38-872A-51D0C9254B1C}.Release|Any CPU.ActiveCfg = Release|Any CPU
		{ACBA019A-F578-4E38-872A-51D0C9254B1C}.Release|Any CPU.Build.0 = Release|Any CPU
	EndGlobalSection
	GlobalSection(SolutionProperties) = preSolution
		HideSolutionNode = FALSE
	EndGlobalSection
	GlobalSection(NestedProjects) = preSolution
		{1FECDB8E-D72F-4735-9056-BC4E3B5CA384} = {1D9683E8-C2B6-4E79-A0C9-B55A0BBFE89C}
		{DA4AD004-9FCE-444F-8710-440824F26D54} = {1D9683E8-C2B6-4E79-A0C9-B55A0BBFE89C}
		{7A2B46A4-0F37-4FFE-8687-C090E3E508AC} = {1D9683E8-C2B6-4E79-A0C9-B55A0BBFE89C}
		{67F3D040-D167-4398-ACA6-11A6D1309723} = {1D9683E8-C2B6-4E79-A0C9-B55A0BBFE89C}
		{718CA179-7D50-4483-A73C-DABCF48D1BD7} = {1FECDB8E-D72F-4735-9056-BC4E3B5CA384}
		{5710F2C3-741C-4657-9350-24C824EBE7CA} = {1FECDB8E-D72F-4735-9056-BC4E3B5CA384}
		{958B0841-E656-4038-AD8C-AE5F04B27D14} = {1FECDB8E-D72F-4735-9056-BC4E3B5CA384}
		{C4A8DE54-56C6-46B1-8240-5B6F66F6A61D} = {5710F2C3-741C-4657-9350-24C824EBE7CA}
		{7C1C1C51-435E-4338-8151-2FE3A0D1E0F0} = {5710F2C3-741C-4657-9350-24C824EBE7CA}
		{B68DEB3A-27FD-4EBB-A4E8-D27F705A75DE} = {958B0841-E656-4038-AD8C-AE5F04B27D14}
		{ACBA019A-F578-4E38-872A-51D0C9254B1C} = {958B0841-E656-4038-AD8C-AE5F04B27D14}
	EndGlobalSection
	GlobalSection(ExtensibilityGlobals) = postSolution
		SolutionGuid = {67644E66-143D-4EF9-B5C8-7D04681C3BDB}
	EndGlobalSection
EndGlobal
